
Microsoft Visual Studio Solution File, Format Version 12.00
# Visual Studio Version 17
VisualStudioVersion = 17.7.34031.279
MinimumVisualStudioVersion = 10.0.40219.1
Project("{FAE04EC0-301F-11D3-BF4B-00C04F79EFBC}") = "CosmosDbTriggerFunction", "CosmosDbTriggerFunction.csproj", "{2DD2489C-DF66-430A-87F9-8364498A73C1}"
EndProject
Global
	GlobalSection(SolutionConfigurationPlatforms) = preSolution
		Debug|Any CPU = Debug|Any CPU
		Release|Any CPU = Release|Any CPU
	EndGlobalSection
	GlobalSection(ProjectConfigurationPlatforms) = postSolution
		{2DD2489C-DF66-430A-87F9-8364498A73C1}.Debug|Any CPU.ActiveCfg = Debug|Any CPU
		{2DD2489C-DF66-430A-87F9-8364498A73C1}.Debug|Any CPU.Build.0 = Debug|Any CPU
		{2DD2489C-DF66-430A-87F9-8364498A73C1}.Release|Any CPU.ActiveCfg = Release|Any CPU
		{2DD2489C-DF66-430A-87F9-8364498A73C1}.Release|Any CPU.Build.0 = Release|Any CPU
	EndGlobalSection
	GlobalSection(SolutionProperties) = preSolution
		HideSolutionNode = FALSE
	EndGlobalSection
	GlobalSection(ExtensibilityGlobals) = postSolution
		SolutionGuid = {751AE854-002D-4F68-AE57-4164B359A181}
	EndGlobalSection
EndGlobal
