
Microsoft Visual Studio Solution File, Format Version 12.00
# Visual Studio Version 17
VisualStudioVersion = 17.7.34031.279
MinimumVisualStudioVersion = 10.0.40219.1
Project("{FAE04EC0-301F-11D3-BF4B-00C04F79EFBC}") = "AzureMonitor", "AzureMonitor.csproj", "{AE7518D8-82E7-4A56-8E93-0A43CF14EE2C}"
EndProject
Global
	GlobalSection(SolutionConfigurationPlatforms) = preSolution
		Debug|Any CPU = Debug|Any CPU
		Release|Any CPU = Release|Any CPU
	EndGlobalSection
	GlobalSection(ProjectConfigurationPlatforms) = postSolution
		{AE7518D8-82E7-4A56-8E93-0A43CF14EE2C}.Debug|Any CPU.ActiveCfg = Debug|Any CPU
		{AE7518D8-82E7-4A56-8E93-0A43CF14EE2C}.Debug|Any CPU.Build.0 = Debug|Any CPU
		{AE7518D8-82E7-4A56-8E93-0A43CF14EE2C}.Release|Any CPU.ActiveCfg = Release|Any CPU
		{AE7518D8-82E7-4A56-8E93-0A43CF14EE2C}.Release|Any CPU.Build.0 = Release|Any CPU
	EndGlobalSection
	GlobalSection(SolutionProperties) = preSolution
		HideSolutionNode = FALSE
	EndGlobalSection
	GlobalSection(ExtensibilityGlobals) = postSolution
		SolutionGuid = {073759B4-977C-402D-BD57-9F4FD098675B}
	EndGlobalSection
EndGlobal
